{
  "name": "frontend",
  "lockfileVersion": 3,
  "requires": true,
  "packages": {
    "": {
      "dependencies": {
        "sweetalert2": "^11.21.2"
      }
    },
    "node_modules/sweetalert2": {
      "version": "11.21.2",
      "resolved": "https://registry.npmjs.org/sweetalert2/-/sweetalert2-11.21.2.tgz",
      "integrity": "sha512-DNNFzx16LBQDZh7r5WOfeAfWZBdEdLHl3+tpO9Z1WWKMzdsgBgpLPBduJWVNMB283HYcm8ex99clLYXki21hdA==",
      "license": "MIT",
      "funding": {
        "type": "individual",
        "url": "https://github.com/sponsors/limonte"
      }
    }
  }
}
